
Microsoft Visual Studio Solution File, Format Version 12.00
# Visual Studio Version 17
VisualStudioVersion = 17.13.35931.197 d17.13
MinimumVisualStudioVersion = 10.0.40219.1
Project("{FAE04EC0-301F-11D3-BF4B-00C04F79EFBC}") = "BlazorApp1", "BlazorApp1\BlazorApp1.csproj", "{6E0D98E4-B4A0-4961-94FE-0252AB984176}"
EndProject
Project("{FAE04EC0-301F-11D3-BF4B-00C04F79EFBC}") = "BlazorApp1.Client", "BlazorApp1.Client\BlazorApp1.Client.csproj", "{07C911FC-9BDE-48F5-8064-462EEA2C43F9}"
EndProject
Global
	GlobalSection(SolutionConfigurationPlatforms) = preSolution
		Debug|Any CPU = Debug|Any CPU
		Release|Any CPU = Release|Any CPU
	EndGlobalSection
	GlobalSection(ProjectConfigurationPlatforms) = postSolution
		{6E0D98E4-B4A0-4961-94FE-0252AB984176}.Debug|Any CPU.ActiveCfg = Debug|Any CPU
		{6E0D98E4-B4A0-4961-94FE-0252AB984176}.Debug|Any CPU.Build.0 = Debug|Any CPU
		{6E0D98E4-B4A0-4961-94FE-0252AB984176}.Release|Any CPU.ActiveCfg = Release|Any CPU
		{6E0D98E4-B4A0-4961-94FE-0252AB984176}.Release|Any CPU.Build.0 = Release|Any CPU
		{07C911FC-9BDE-48F5-8064-462EEA2C43F9}.Debug|Any CPU.ActiveCfg = Debug|Any CPU
		{07C911FC-9BDE-48F5-8064-462EEA2C43F9}.Debug|Any CPU.Build.0 = Debug|Any CPU
		{07C911FC-9BDE-48F5-8064-462EEA2C43F9}.Release|Any CPU.ActiveCfg = Release|Any CPU
		{07C911FC-9BDE-48F5-8064-462EEA2C43F9}.Release|Any CPU.Build.0 = Release|Any CPU
	EndGlobalSection
	GlobalSection(SolutionProperties) = preSolution
		HideSolutionNode = FALSE
	EndGlobalSection
	GlobalSection(ExtensibilityGlobals) = postSolution
		SolutionGuid = {551B9822-1E51-401D-9A3C-1FA4EA512661}
	EndGlobalSection
EndGlobal
